
Microsoft Visual Studio Solution File, Format Version 12.00
# Visual Studio Version 16
VisualStudioVersion = 16.0.29905.134
MinimumVisualStudioVersion = 10.0.40219.1
Project("{FAE04EC0-301F-11D3-BF4B-00C04F79EFBC}") = "DynamicCodeDemo", "DynamicCodeDemo\DynamicCodeDemo.csproj", "{C1409536-EBEF-45A8-8C8D-0357D4FC62F9}"
EndProject
Global
	GlobalSection(SolutionConfigurationPlatforms) = preSolution
		Debug|Any CPU = Debug|Any CPU
		Release|Any CPU = Release|Any CPU
	EndGlobalSection
	GlobalSection(ProjectConfigurationPlatforms) = postSolution
		{C1409536-EBEF-45A8-8C8D-0357D4FC62F9}.Debug|Any CPU.ActiveCfg = Debug|Any CPU
		{C1409536-EBEF-45A8-8C8D-0357D4FC62F9}.Debug|Any CPU.Build.0 = Debug|Any CPU
		{C1409536-EBEF-45A8-8C8D-0357D4FC62F9}.Release|Any CPU.ActiveCfg = Release|Any CPU
		{C1409536-EBEF-45A8-8C8D-0357D4FC62F9}.Release|Any CPU.Build.0 = Release|Any CPU
	EndGlobalSection
	GlobalSection(SolutionProperties) = preSolution
		HideSolutionNode = FALSE
	EndGlobalSection
	GlobalSection(ExtensibilityGlobals) = postSolution
		SolutionGuid = {B3EFC333-6764-4156-B3D8-4847584BE5C2}
	EndGlobalSection
EndGlobal
