
Microsoft Visual Studio Solution File, Format Version 12.00
# Visual Studio Version 16
VisualStudioVersion = 16.0.29905.134
MinimumVisualStudioVersion = 10.0.40219.1
Project("{FAE04EC0-301F-11D3-BF4B-00C04F79EFBC}") = "AssemblyDemo2", "AssemblyDemo2\AssemblyDemo2.csproj", "{D4C10146-B6E1-4202-B4D5-E64B8062EA28}"
EndProject
Global
	GlobalSection(SolutionConfigurationPlatforms) = preSolution
		Debug|Any CPU = Debug|Any CPU
		Release|Any CPU = Release|Any CPU
	EndGlobalSection
	GlobalSection(ProjectConfigurationPlatforms) = postSolution
		{D4C10146-B6E1-4202-B4D5-E64B8062EA28}.Debug|Any CPU.ActiveCfg = Debug|Any CPU
		{D4C10146-B6E1-4202-B4D5-E64B8062EA28}.Debug|Any CPU.Build.0 = Debug|Any CPU
		{D4C10146-B6E1-4202-B4D5-E64B8062EA28}.Release|Any CPU.ActiveCfg = Release|Any CPU
		{D4C10146-B6E1-4202-B4D5-E64B8062EA28}.Release|Any CPU.Build.0 = Release|Any CPU
	EndGlobalSection
	GlobalSection(SolutionProperties) = preSolution
		HideSolutionNode = FALSE
	EndGlobalSection
	GlobalSection(ExtensibilityGlobals) = postSolution
		SolutionGuid = {D13CA478-39BB-4931-9FBD-6E6FF760AC26}
	EndGlobalSection
EndGlobal
